
Microsoft Visual Studio Solution File, Format Version 12.00
Project("{FAE04EC0-301F-11D3-BF4B-00C04F79EFBC}") = "Breakout", "Breakout\Breakout.csproj", "{F10E6818-8CBF-445D-B7E4-2FB7BCBC8A03}"
EndProject
Global
	GlobalSection(SolutionConfigurationPlatforms) = preSolution
		Debug|Any CPU = Debug|Any CPU
		Release|Any CPU = Release|Any CPU
	EndGlobalSection
	GlobalSection(ProjectConfigurationPlatforms) = postSolution
		{F10E6818-8CBF-445D-B7E4-2FB7BCBC8A03}.Debug|Any CPU.ActiveCfg = Debug|Any CPU
		{F10E6818-8CBF-445D-B7E4-2FB7BCBC8A03}.Debug|Any CPU.Build.0 = Debug|Any CPU
		{F10E6818-8CBF-445D-B7E4-2FB7BCBC8A03}.Release|Any CPU.ActiveCfg = Release|Any CPU
		{F10E6818-8CBF-445D-B7E4-2FB7BCBC8A03}.Release|Any CPU.Build.0 = Release|Any CPU
	EndGlobalSection
EndGlobal
